
Microsoft Visual Studio Solution File, Format Version 12.00
# Visual Studio Version 17
VisualStudioVersion = 17.6.33829.357
MinimumVisualStudioVersion = 10.0.40219.1
Project("{FAE04EC0-301F-11D3-BF4B-00C04F79EFBC}") = "01.TPL", "01.TPL\01.TPL.csproj", "{DAEAC3D0-DD32-4391-ACAE-0E937B1C3425}"
EndProject
Project("{FAE04EC0-301F-11D3-BF4B-00C04F79EFBC}") = "02.TPL_ID", "02.TPL_ID\02.TPL_ID.csproj", "{369A19E5-62D6-4D51-8673-6A8804EB8209}"
EndProject
Project("{FAE04EC0-301F-11D3-BF4B-00C04F79EFBC}") = "03.TPL_Status", "03.TPL_Status\03.TPL_Status.csproj", "{A49E056A-B492-4480-91E7-116477FC0D3A}"
EndProject
Project("{FAE04EC0-301F-11D3-BF4B-00C04F79EFBC}") = "04.TPL_IsBackground", "04.TPL_IsBackground\04.TPL_IsBackground.csproj", "{1F5010BF-4110-41BE-B087-21974E24E968}"
EndProject
Project("{FAE04EC0-301F-11D3-BF4B-00C04F79EFBC}") = "05.TPL_AsyncState", "05.TPL_AsyncState\05.TPL_AsyncState.csproj", "{7AF83505-9DC9-4D50-B1A2-E33BB415304A}"
EndProject
Project("{FAE04EC0-301F-11D3-BF4B-00C04F79EFBC}") = "06.TPL_Wait", "06.TPL_Wait\06.TPL_Wait.csproj", "{6E660CC3-CAA2-40EB-A56A-267587BBD4C1}"
EndProject
Project("{FAE04EC0-301F-11D3-BF4B-00C04F79EFBC}") = "07.TPL_WaitAll_Any", "07.TPL_WaitAll_Any\07.TPL_WaitAll_Any.csproj", "{C1676532-B1B6-4134-B046-BA05E603040E}"
EndProject
Project("{FAE04EC0-301F-11D3-BF4B-00C04F79EFBC}") = "08.TPL_Factory", "08.TPL_Factory\08.TPL_Factory.csproj", "{58D37731-D4AD-4EEB-8C49-094B60D08143}"
EndProject
Project("{FAE04EC0-301F-11D3-BF4B-00C04F79EFBC}") = "09.TPL_Lambda", "09.TPL_Lambda\09.TPL_Lambda.csproj", "{0C2098F4-90EA-4618-9F20-DB0B52CF6EFD}"
EndProject
Project("{FAE04EC0-301F-11D3-BF4B-00C04F79EFBC}") = "10.TPL_Continuation", "10.TPL_Continuation\10.TPL_Continuation.csproj", "{BC22D7DB-4C25-434A-881D-880B7BF37C4D}"
EndProject
Project("{FAE04EC0-301F-11D3-BF4B-00C04F79EFBC}") = "11.TPL_Return", "11.TPL_Return\11.TPL_Return.csproj", "{582A8EC2-0390-4CB1-AF38-7E806B9101B4}"
EndProject
Project("{FAE04EC0-301F-11D3-BF4B-00C04F79EFBC}") = "12.TPL_Exception", "12.TPL_Exception\12.TPL_Exception.csproj", "{B8FF53E6-7D72-4A12-8E19-2F2DB07A034A}"
EndProject
Project("{FAE04EC0-301F-11D3-BF4B-00C04F79EFBC}") = "13.TPL_Cancellation", "13.TPL_Cancellation\13.TPL_Cancellation.csproj", "{BC8F4656-A0A1-49FC-B0C0-971F3FC1063B}"
EndProject
Project("{FAE04EC0-301F-11D3-BF4B-00C04F79EFBC}") = "14.TPL_ContinuationOptions", "14.TPL_ContinuationOptions\14.TPL_ContinuationOptions.csproj", "{8E553043-B1BB-4417-B242-98F9FD724484}"
EndProject
Project("{FAE04EC0-301F-11D3-BF4B-00C04F79EFBC}") = "15.TPL_DelayTaskScheduler", "15.TPL_DelayTaskScheduler\15.TPL_DelayTaskScheduler.csproj", "{C862EC49-1873-4792-A732-0C32C173E166}"
EndProject
Project("{FAE04EC0-301F-11D3-BF4B-00C04F79EFBC}") = "16.Parallel.Invoke", "16.Parallel.Invoke\16.Parallel.Invoke.csproj", "{F44BA7D7-8BB7-4FD0-BDA9-1206C1FED94C}"
EndProject
Project("{FAE04EC0-301F-11D3-BF4B-00C04F79EFBC}") = "17.Parallel.For", "17.Parallel.For\17.Parallel.For.csproj", "{C2ADAD6B-F26F-4E14-A60F-87B31BA33886}"
EndProject
Project("{FAE04EC0-301F-11D3-BF4B-00C04F79EFBC}") = "18.Parallel.For", "18\18.Parallel.For.csproj", "{23D62AFB-3AE9-40D1-BE8A-AC71E2FF8D32}"
EndProject
Project("{FAE04EC0-301F-11D3-BF4B-00C04F79EFBC}") = "19.PLINQ", "19\19.PLINQ.csproj", "{9B83AD97-814A-4829-A307-BD677608B0C3}"
EndProject
Project("{FAE04EC0-301F-11D3-BF4B-00C04F79EFBC}") = "20.PLINQ", "20.PLINQ\20.PLINQ.csproj", "{F0CBB14A-0748-41D0-BF1E-F0F093CFDC9E}"
EndProject
Project("{FAE04EC0-301F-11D3-BF4B-00C04F79EFBC}") = "21.PLINQ", "21.PLINQ\21.PLINQ.csproj", "{03630D20-92CB-43C9-A424-8DE887775156}"
EndProject
Global
	GlobalSection(SolutionConfigurationPlatforms) = preSolution
		Debug|Any CPU = Debug|Any CPU
		Debug|ARM64 = Debug|ARM64
		Debug|x64 = Debug|x64
		Release|Any CPU = Release|Any CPU
		Release|ARM64 = Release|ARM64
		Release|x64 = Release|x64
	EndGlobalSection
	GlobalSection(ProjectConfigurationPlatforms) = postSolution
		{DAEAC3D0-DD32-4391-ACAE-0E937B1C3425}.Debug|Any CPU.ActiveCfg = Debug|Any CPU
		{DAEAC3D0-DD32-4391-ACAE-0E937B1C3425}.Debug|Any CPU.Build.0 = Debug|Any CPU
		{DAEAC3D0-DD32-4391-ACAE-0E937B1C3425}.Debug|ARM64.ActiveCfg = Debug|Any CPU
		{DAEAC3D0-DD32-4391-ACAE-0E937B1C3425}.Debug|ARM64.Build.0 = Debug|Any CPU
		{DAEAC3D0-DD32-4391-ACAE-0E937B1C3425}.Debug|x64.ActiveCfg = Debug|Any CPU
		{DAEAC3D0-DD32-4391-ACAE-0E937B1C3425}.Debug|x64.Build.0 = Debug|Any CPU
		{DAEAC3D0-DD32-4391-ACAE-0E937B1C3425}.Release|Any CPU.ActiveCfg = Release|Any CPU
		{DAEAC3D0-DD32-4391-ACAE-0E937B1C3425}.Release|Any CPU.Build.0 = Release|Any CPU
		{DAEAC3D0-DD32-4391-ACAE-0E937B1C3425}.Release|ARM64.ActiveCfg = Release|Any CPU
		{DAEAC3D0-DD32-4391-ACAE-0E937B1C3425}.Release|ARM64.Build.0 = Release|Any CPU
		{DAEAC3D0-DD32-4391-ACAE-0E937B1C3425}.Release|x64.ActiveCfg = Release|Any CPU
		{DAEAC3D0-DD32-4391-ACAE-0E937B1C3425}.Release|x64.Build.0 = Release|Any CPU
		{369A19E5-62D6-4D51-8673-6A8804EB8209}.Debug|Any CPU.ActiveCfg = Debug|Any CPU
		{369A19E5-62D6-4D51-8673-6A8804EB8209}.Debug|Any CPU.Build.0 = Debug|Any CPU
		{369A19E5-62D6-4D51-8673-6A8804EB8209}.Debug|ARM64.ActiveCfg = Debug|Any CPU
		{369A19E5-62D6-4D51-8673-6A8804EB8209}.Debug|ARM64.Build.0 = Debug|Any CPU
		{369A19E5-62D6-4D51-8673-6A8804EB8209}.Debug|x64.ActiveCfg = Debug|Any CPU
		{369A19E5-62D6-4D51-8673-6A8804EB8209}.Debug|x64.Build.0 = Debug|Any CPU
		{369A19E5-62D6-4D51-8673-6A8804EB8209}.Release|Any CPU.ActiveCfg = Release|Any CPU
		{369A19E5-62D6-4D51-8673-6A8804EB8209}.Release|Any CPU.Build.0 = Release|Any CPU
		{369A19E5-62D6-4D51-8673-6A8804EB8209}.Release|ARM64.ActiveCfg = Release|Any CPU
		{369A19E5-62D6-4D51-8673-6A8804EB8209}.Release|ARM64.Build.0 = Release|Any CPU
		{369A19E5-62D6-4D51-8673-6A8804EB8209}.Release|x64.ActiveCfg = Release|Any CPU
		{369A19E5-62D6-4D51-8673-6A8804EB8209}.Release|x64.Build.0 = Release|Any CPU
		{A49E056A-B492-4480-91E7-116477FC0D3A}.Debug|Any CPU.ActiveCfg = Debug|Any CPU
		{A49E056A-B492-4480-91E7-116477FC0D3A}.Debug|Any CPU.Build.0 = Debug|Any CPU
		{A49E056A-B492-4480-91E7-116477FC0D3A}.Debug|ARM64.ActiveCfg = Debug|Any CPU
		{A49E056A-B492-4480-91E7-116477FC0D3A}.Debug|ARM64.Build.0 = Debug|Any CPU
		{A49E056A-B492-4480-91E7-116477FC0D3A}.Debug|x64.ActiveCfg = Debug|Any CPU
		{A49E056A-B492-4480-91E7-116477FC0D3A}.Debug|x64.Build.0 = Debug|Any CPU
		{A49E056A-B492-4480-91E7-116477FC0D3A}.Release|Any CPU.ActiveCfg = Release|Any CPU
		{A49E056A-B492-4480-91E7-116477FC0D3A}.Release|Any CPU.Build.0 = Release|Any CPU
		{A49E056A-B492-4480-91E7-116477FC0D3A}.Release|ARM64.ActiveCfg = Release|Any CPU
		{A49E056A-B492-4480-91E7-116477FC0D3A}.Release|ARM64.Build.0 = Release|Any CPU
		{A49E056A-B492-4480-91E7-116477FC0D3A}.Release|x64.ActiveCfg = Release|Any CPU
		{A49E056A-B492-4480-91E7-116477FC0D3A}.Release|x64.Build.0 = Release|Any CPU
		{1F5010BF-4110-41BE-B087-21974E24E968}.Debug|Any CPU.ActiveCfg = Debug|Any CPU
		{1F5010BF-4110-41BE-B087-21974E24E968}.Debug|Any CPU.Build.0 = Debug|Any CPU
		{1F5010BF-4110-41BE-B087-21974E24E968}.Debug|ARM64.ActiveCfg = Debug|Any CPU
		{1F5010BF-4110-41BE-B087-21974E24E968}.Debug|ARM64.Build.0 = Debug|Any CPU
		{1F5010BF-4110-41BE-B087-21974E24E968}.Debug|x64.ActiveCfg = Debug|Any CPU
		{1F5010BF-4110-41BE-B087-21974E24E968}.Debug|x64.Build.0 = Debug|Any CPU
		{1F5010BF-4110-41BE-B087-21974E24E968}.Release|Any CPU.ActiveCfg = Release|Any CPU
		{1F5010BF-4110-41BE-B087-21974E24E968}.Release|Any CPU.Build.0 = Release|Any CPU
		{1F5010BF-4110-41BE-B087-21974E24E968}.Release|ARM64.ActiveCfg = Release|Any CPU
		{1F5010BF-4110-41BE-B087-21974E24E968}.Release|ARM64.Build.0 = Release|Any CPU
		{1F5010BF-4110-41BE-B087-21974E24E968}.Release|x64.ActiveCfg = Release|Any CPU
		{1F5010BF-4110-41BE-B087-21974E24E968}.Release|x64.Build.0 = Release|Any CPU
		{7AF83505-9DC9-4D50-B1A2-E33BB415304A}.Debug|Any CPU.ActiveCfg = Debug|Any CPU
		{7AF83505-9DC9-4D50-B1A2-E33BB415304A}.Debug|Any CPU.Build.0 = Debug|Any CPU
		{7AF83505-9DC9-4D50-B1A2-E33BB415304A}.Debug|ARM64.ActiveCfg = Debug|Any CPU
		{7AF83505-9DC9-4D50-B1A2-E33BB415304A}.Debug|ARM64.Build.0 = Debug|Any CPU
		{7AF83505-9DC9-4D50-B1A2-E33BB415304A}.Debug|x64.ActiveCfg = Debug|Any CPU
		{7AF83505-9DC9-4D50-B1A2-E33BB415304A}.Debug|x64.Build.0 = Debug|Any CPU
		{7AF83505-9DC9-4D50-B1A2-E33BB415304A}.Release|Any CPU.ActiveCfg = Release|Any CPU
		{7AF83505-9DC9-4D50-B1A2-E33BB415304A}.Release|Any CPU.Build.0 = Release|Any CPU
		{7AF83505-9DC9-4D50-B1A2-E33BB415304A}.Release|ARM64.ActiveCfg = Release|Any CPU
		{7AF83505-9DC9-4D50-B1A2-E33BB415304A}.Release|ARM64.Build.0 = Release|Any CPU
		{7AF83505-9DC9-4D50-B1A2-E33BB415304A}.Release|x64.ActiveCfg = Release|Any CPU
		{7AF83505-9DC9-4D50-B1A2-E33BB415304A}.Release|x64.Build.0 = Release|Any CPU
		{6E660CC3-CAA2-40EB-A56A-267587BBD4C1}.Debug|Any CPU.ActiveCfg = Debug|Any CPU
		{6E660CC3-CAA2-40EB-A56A-267587BBD4C1}.Debug|Any CPU.Build.0 = Debug|Any CPU
		{6E660CC3-CAA2-40EB-A56A-267587BBD4C1}.Debug|ARM64.ActiveCfg = Debug|Any CPU
		{6E660CC3-CAA2-40EB-A56A-267587BBD4C1}.Debug|ARM64.Build.0 = Debug|Any CPU
		{6E660CC3-CAA2-40EB-A56A-267587BBD4C1}.Debug|x64.ActiveCfg = Debug|Any CPU
		{6E660CC3-CAA2-40EB-A56A-267587BBD4C1}.Debug|x64.Build.0 = Debug|Any CPU
		{6E660CC3-CAA2-40EB-A56A-267587BBD4C1}.Release|Any CPU.ActiveCfg = Release|Any CPU
		{6E660CC3-CAA2-40EB-A56A-267587BBD4C1}.Release|Any CPU.Build.0 = Release|Any CPU
		{6E660CC3-CAA2-40EB-A56A-267587BBD4C1}.Release|ARM64.ActiveCfg = Release|Any CPU
		{6E660CC3-CAA2-40EB-A56A-267587BBD4C1}.Release|ARM64.Build.0 = Release|Any CPU
		{6E660CC3-CAA2-40EB-A56A-267587BBD4C1}.Release|x64.ActiveCfg = Release|Any CPU
		{6E660CC3-CAA2-40EB-A56A-267587BBD4C1}.Release|x64.Build.0 = Release|Any CPU
		{C1676532-B1B6-4134-B046-BA05E603040E}.Debug|Any CPU.ActiveCfg = Debug|Any CPU
		{C1676532-B1B6-4134-B046-BA05E603040E}.Debug|Any CPU.Build.0 = Debug|Any CPU
		{C1676532-B1B6-4134-B046-BA05E603040E}.Debug|ARM64.ActiveCfg = Debug|Any CPU
		{C1676532-B1B6-4134-B046-BA05E603040E}.Debug|ARM64.Build.0 = Debug|Any CPU
		{C1676532-B1B6-4134-B046-BA05E603040E}.Debug|x64.ActiveCfg = Debug|Any CPU
		{C1676532-B1B6-4134-B046-BA05E603040E}.Debug|x64.Build.0 = Debug|Any CPU
		{C1676532-B1B6-4134-B046-BA05E603040E}.Release|Any CPU.ActiveCfg = Release|Any CPU
		{C1676532-B1B6-4134-B046-BA05E603040E}.Release|Any CPU.Build.0 = Release|Any CPU
		{C1676532-B1B6-4134-B046-BA05E603040E}.Release|ARM64.ActiveCfg = Release|Any CPU
		{C1676532-B1B6-4134-B046-BA05E603040E}.Release|ARM64.Build.0 = Release|Any CPU
		{C1676532-B1B6-4134-B046-BA05E603040E}.Release|x64.ActiveCfg = Release|Any CPU
		{C1676532-B1B6-4134-B046-BA05E603040E}.Release|x64.Build.0 = Release|Any CPU
		{58D37731-D4AD-4EEB-8C49-094B60D08143}.Debug|Any CPU.ActiveCfg = Debug|Any CPU
		{58D37731-D4AD-4EEB-8C49-094B60D08143}.Debug|Any CPU.Build.0 = Debug|Any CPU
		{58D37731-D4AD-4EEB-8C49-094B60D08143}.Debug|ARM64.ActiveCfg = Debug|Any CPU
		{58D37731-D4AD-4EEB-8C49-094B60D08143}.Debug|ARM64.Build.0 = Debug|Any CPU
		{58D37731-D4AD-4EEB-8C49-094B60D08143}.Debug|x64.ActiveCfg = Debug|Any CPU
		{58D37731-D4AD-4EEB-8C49-094B60D08143}.Debug|x64.Build.0 = Debug|Any CPU
		{58D37731-D4AD-4EEB-8C49-094B60D08143}.Release|Any CPU.ActiveCfg = Release|Any CPU
		{58D37731-D4AD-4EEB-8C49-094B60D08143}.Release|Any CPU.Build.0 = Release|Any CPU
		{58D37731-D4AD-4EEB-8C49-094B60D08143}.Release|ARM64.ActiveCfg = Release|Any CPU
		{58D37731-D4AD-4EEB-8C49-094B60D08143}.Release|ARM64.Build.0 = Release|Any CPU
		{58D37731-D4AD-4EEB-8C49-094B60D08143}.Release|x64.ActiveCfg = Release|Any CPU
		{58D37731-D4AD-4EEB-8C49-094B60D08143}.Release|x64.Build.0 = Release|Any CPU
		{0C2098F4-90EA-4618-9F20-DB0B52CF6EFD}.Debug|Any CPU.ActiveCfg = Debug|Any CPU
		{0C2098F4-90EA-4618-9F20-DB0B52CF6EFD}.Debug|Any CPU.Build.0 = Debug|Any CPU
		{0C2098F4-90EA-4618-9F20-DB0B52CF6EFD}.Debug|ARM64.ActiveCfg = Debug|Any CPU
		{0C2098F4-90EA-4618-9F20-DB0B52CF6EFD}.Debug|ARM64.Build.0 = Debug|Any CPU
		{0C2098F4-90EA-4618-9F20-DB0B52CF6EFD}.Debug|x64.ActiveCfg = Debug|Any CPU
		{0C2098F4-90EA-4618-9F20-DB0B52CF6EFD}.Debug|x64.Build.0 = Debug|Any CPU
		{0C2098F4-90EA-4618-9F20-DB0B52CF6EFD}.Release|Any CPU.ActiveCfg = Release|Any CPU
		{0C2098F4-90EA-4618-9F20-DB0B52CF6EFD}.Release|Any CPU.Build.0 = Release|Any CPU
		{0C2098F4-90EA-4618-9F20-DB0B52CF6EFD}.Release|ARM64.ActiveCfg = Release|Any CPU
		{0C2098F4-90EA-4618-9F20-DB0B52CF6EFD}.Release|ARM64.Build.0 = Release|Any CPU
		{0C2098F4-90EA-4618-9F20-DB0B52CF6EFD}.Release|x64.ActiveCfg = Release|Any CPU
		{0C2098F4-90EA-4618-9F20-DB0B52CF6EFD}.Release|x64.Build.0 = Release|Any CPU
		{BC22D7DB-4C25-434A-881D-880B7BF37C4D}.Debug|Any CPU.ActiveCfg = Debug|Any CPU
		{BC22D7DB-4C25-434A-881D-880B7BF37C4D}.Debug|Any CPU.Build.0 = Debug|Any CPU
		{BC22D7DB-4C25-434A-881D-880B7BF37C4D}.Debug|ARM64.ActiveCfg = Debug|Any CPU
		{BC22D7DB-4C25-434A-881D-880B7BF37C4D}.Debug|ARM64.Build.0 = Debug|Any CPU
		{BC22D7DB-4C25-434A-881D-880B7BF37C4D}.Debug|x64.ActiveCfg = Debug|Any CPU
		{BC22D7DB-4C25-434A-881D-880B7BF37C4D}.Debug|x64.Build.0 = Debug|Any CPU
		{BC22D7DB-4C25-434A-881D-880B7BF37C4D}.Release|Any CPU.ActiveCfg = Release|Any CPU
		{BC22D7DB-4C25-434A-881D-880B7BF37C4D}.Release|Any CPU.Build.0 = Release|Any CPU
		{BC22D7DB-4C25-434A-881D-880B7BF37C4D}.Release|ARM64.ActiveCfg = Release|Any CPU
		{BC22D7DB-4C25-434A-881D-880B7BF37C4D}.Release|ARM64.Build.0 = Release|Any CPU
		{BC22D7DB-4C25-434A-881D-880B7BF37C4D}.Release|x64.ActiveCfg = Release|Any CPU
		{BC22D7DB-4C25-434A-881D-880B7BF37C4D}.Release|x64.Build.0 = Release|Any CPU
		{582A8EC2-0390-4CB1-AF38-7E806B9101B4}.Debug|Any CPU.ActiveCfg = Debug|Any CPU
		{582A8EC2-0390-4CB1-AF38-7E806B9101B4}.Debug|Any CPU.Build.0 = Debug|Any CPU
		{582A8EC2-0390-4CB1-AF38-7E806B9101B4}.Debug|ARM64.ActiveCfg = Debug|Any CPU
		{582A8EC2-0390-4CB1-AF38-7E806B9101B4}.Debug|ARM64.Build.0 = Debug|Any CPU
		{582A8EC2-0390-4CB1-AF38-7E806B9101B4}.Debug|x64.ActiveCfg = Debug|Any CPU
		{582A8EC2-0390-4CB1-AF38-7E806B9101B4}.Debug|x64.Build.0 = Debug|Any CPU
		{582A8EC2-0390-4CB1-AF38-7E806B9101B4}.Release|Any CPU.ActiveCfg = Release|Any CPU
		{582A8EC2-0390-4CB1-AF38-7E806B9101B4}.Release|Any CPU.Build.0 = Release|Any CPU
		{582A8EC2-0390-4CB1-AF38-7E806B9101B4}.Release|ARM64.ActiveCfg = Release|Any CPU
		{582A8EC2-0390-4CB1-AF38-7E806B9101B4}.Release|ARM64.Build.0 = Release|Any CPU
		{582A8EC2-0390-4CB1-AF38-7E806B9101B4}.Release|x64.ActiveCfg = Release|Any CPU
		{582A8EC2-0390-4CB1-AF38-7E806B9101B4}.Release|x64.Build.0 = Release|Any CPU
		{B8FF53E6-7D72-4A12-8E19-2F2DB07A034A}.Debug|Any CPU.ActiveCfg = Debug|Any CPU
		{B8FF53E6-7D72-4A12-8E19-2F2DB07A034A}.Debug|Any CPU.Build.0 = Debug|Any CPU
		{B8FF53E6-7D72-4A12-8E19-2F2DB07A034A}.Debug|ARM64.ActiveCfg = Debug|Any CPU
		{B8FF53E6-7D72-4A12-8E19-2F2DB07A034A}.Debug|ARM64.Build.0 = Debug|Any CPU
		{B8FF53E6-7D72-4A12-8E19-2F2DB07A034A}.Debug|x64.ActiveCfg = Debug|Any CPU
		{B8FF53E6-7D72-4A12-8E19-2F2DB07A034A}.Debug|x64.Build.0 = Debug|Any CPU
		{B8FF53E6-7D72-4A12-8E19-2F2DB07A034A}.Release|Any CPU.ActiveCfg = Release|Any CPU
		{B8FF53E6-7D72-4A12-8E19-2F2DB07A034A}.Release|Any CPU.Build.0 = Release|Any CPU
		{B8FF53E6-7D72-4A12-8E19-2F2DB07A034A}.Release|ARM64.ActiveCfg = Release|Any CPU
		{B8FF53E6-7D72-4A12-8E19-2F2DB07A034A}.Release|ARM64.Build.0 = Release|Any CPU
		{B8FF53E6-7D72-4A12-8E19-2F2DB07A034A}.Release|x64.ActiveCfg = Release|Any CPU
		{B8FF53E6-7D72-4A12-8E19-2F2DB07A034A}.Release|x64.Build.0 = Release|Any CPU
		{BC8F4656-A0A1-49FC-B0C0-971F3FC1063B}.Debug|Any CPU.ActiveCfg = Debug|Any CPU
		{BC8F4656-A0A1-49FC-B0C0-971F3FC1063B}.Debug|Any CPU.Build.0 = Debug|Any CPU
		{BC8F4656-A0A1-49FC-B0C0-971F3FC1063B}.Debug|ARM64.ActiveCfg = Debug|Any CPU
		{BC8F4656-A0A1-49FC-B0C0-971F3FC1063B}.Debug|ARM64.Build.0 = Debug|Any CPU
		{BC8F4656-A0A1-49FC-B0C0-971F3FC1063B}.Debug|x64.ActiveCfg = Debug|Any CPU
		{BC8F4656-A0A1-49FC-B0C0-971F3FC1063B}.Debug|x64.Build.0 = Debug|Any CPU
		{BC8F4656-A0A1-49FC-B0C0-971F3FC1063B}.Release|Any CPU.ActiveCfg = Release|Any CPU
		{BC8F4656-A0A1-49FC-B0C0-971F3FC1063B}.Release|Any CPU.Build.0 = Release|Any CPU
		{BC8F4656-A0A1-49FC-B0C0-971F3FC1063B}.Release|ARM64.ActiveCfg = Release|Any CPU
		{BC8F4656-A0A1-49FC-B0C0-971F3FC1063B}.Release|ARM64.Build.0 = Release|Any CPU
		{BC8F4656-A0A1-49FC-B0C0-971F3FC1063B}.Release|x64.ActiveCfg = Release|Any CPU
		{BC8F4656-A0A1-49FC-B0C0-971F3FC1063B}.Release|x64.Build.0 = Release|Any CPU
		{8E553043-B1BB-4417-B242-98F9FD724484}.Debug|Any CPU.ActiveCfg = Debug|Any CPU
		{8E553043-B1BB-4417-B242-98F9FD724484}.Debug|Any CPU.Build.0 = Debug|Any CPU
		{8E553043-B1BB-4417-B242-98F9FD724484}.Debug|ARM64.ActiveCfg = Debug|Any CPU
		{8E553043-B1BB-4417-B242-98F9FD724484}.Debug|ARM64.Build.0 = Debug|Any CPU
		{8E553043-B1BB-4417-B242-98F9FD724484}.Debug|x64.ActiveCfg = Debug|Any CPU
		{8E553043-B1BB-4417-B242-98F9FD724484}.Debug|x64.Build.0 = Debug|Any CPU
		{8E553043-B1BB-4417-B242-98F9FD724484}.Release|Any CPU.ActiveCfg = Release|Any CPU
		{8E553043-B1BB-4417-B242-98F9FD724484}.Release|Any CPU.Build.0 = Release|Any CPU
		{8E553043-B1BB-4417-B242-98F9FD724484}.Release|ARM64.ActiveCfg = Release|Any CPU
		{8E553043-B1BB-4417-B242-98F9FD724484}.Release|ARM64.Build.0 = Release|Any CPU
		{8E553043-B1BB-4417-B242-98F9FD724484}.Release|x64.ActiveCfg = Release|Any CPU
		{8E553043-B1BB-4417-B242-98F9FD724484}.Release|x64.Build.0 = Release|Any CPU
		{C862EC49-1873-4792-A732-0C32C173E166}.Debug|Any CPU.ActiveCfg = Debug|Any CPU
		{C862EC49-1873-4792-A732-0C32C173E166}.Debug|Any CPU.Build.0 = Debug|Any CPU
		{C862EC49-1873-4792-A732-0C32C173E166}.Debug|ARM64.ActiveCfg = Debug|Any CPU
		{C862EC49-1873-4792-A732-0C32C173E166}.Debug|ARM64.Build.0 = Debug|Any CPU
		{C862EC49-1873-4792-A732-0C32C173E166}.Debug|x64.ActiveCfg = Debug|Any CPU
		{C862EC49-1873-4792-A732-0C32C173E166}.Debug|x64.Build.0 = Debug|Any CPU
		{C862EC49-1873-4792-A732-0C32C173E166}.Release|Any CPU.ActiveCfg = Release|Any CPU
		{C862EC49-1873-4792-A732-0C32C173E166}.Release|Any CPU.Build.0 = Release|Any CPU
		{C862EC49-1873-4792-A732-0C32C173E166}.Release|ARM64.ActiveCfg = Release|Any CPU
		{C862EC49-1873-4792-A732-0C32C173E166}.Release|ARM64.Build.0 = Release|Any CPU
		{C862EC49-1873-4792-A732-0C32C173E166}.Release|x64.ActiveCfg = Release|Any CPU
		{C862EC49-1873-4792-A732-0C32C173E166}.Release|x64.Build.0 = Release|Any CPU
		{F44BA7D7-8BB7-4FD0-BDA9-1206C1FED94C}.Debug|Any CPU.ActiveCfg = Debug|Any CPU
		{F44BA7D7-8BB7-4FD0-BDA9-1206C1FED94C}.Debug|Any CPU.Build.0 = Debug|Any CPU
		{F44BA7D7-8BB7-4FD0-BDA9-1206C1FED94C}.Debug|ARM64.ActiveCfg = Debug|Any CPU
		{F44BA7D7-8BB7-4FD0-BDA9-1206C1FED94C}.Debug|ARM64.Build.0 = Debug|Any CPU
		{F44BA7D7-8BB7-4FD0-BDA9-1206C1FED94C}.Debug|x64.ActiveCfg = Debug|Any CPU
		{F44BA7D7-8BB7-4FD0-BDA9-1206C1FED94C}.Debug|x64.Build.0 = Debug|Any CPU
		{F44BA7D7-8BB7-4FD0-BDA9-1206C1FED94C}.Release|Any CPU.ActiveCfg = Release|Any CPU
		{F44BA7D7-8BB7-4FD0-BDA9-1206C1FED94C}.Release|Any CPU.Build.0 = Release|Any CPU
		{F44BA7D7-8BB7-4FD0-BDA9-1206C1FED94C}.Release|ARM64.ActiveCfg = Release|Any CPU
		{F44BA7D7-8BB7-4FD0-BDA9-1206C1FED94C}.Release|ARM64.Build.0 = Release|Any CPU
		{F44BA7D7-8BB7-4FD0-BDA9-1206C1FED94C}.Release|x64.ActiveCfg = Release|Any CPU
		{F44BA7D7-8BB7-4FD0-BDA9-1206C1FED94C}.Release|x64.Build.0 = Release|Any CPU
		{C2ADAD6B-F26F-4E14-A60F-87B31BA33886}.Debug|Any CPU.ActiveCfg = Debug|Any CPU
		{C2ADAD6B-F26F-4E14-A60F-87B31BA33886}.Debug|Any CPU.Build.0 = Debug|Any CPU
		{C2ADAD6B-F26F-4E14-A60F-87B31BA33886}.Debug|ARM64.ActiveCfg = Debug|Any CPU
		{C2ADAD6B-F26F-4E14-A60F-87B31BA33886}.Debug|ARM64.Build.0 = Debug|Any CPU
		{C2ADAD6B-F26F-4E14-A60F-87B31BA33886}.Debug|x64.ActiveCfg = Debug|Any CPU
		{C2ADAD6B-F26F-4E14-A60F-87B31BA33886}.Debug|x64.Build.0 = Debug|Any CPU
		{C2ADAD6B-F26F-4E14-A60F-87B31BA33886}.Release|Any CPU.ActiveCfg = Release|Any CPU
		{C2ADAD6B-F26F-4E14-A60F-87B31BA33886}.Release|Any CPU.Build.0 = Release|Any CPU
		{C2ADAD6B-F26F-4E14-A60F-87B31BA33886}.Release|ARM64.ActiveCfg = Release|Any CPU
		{C2ADAD6B-F26F-4E14-A60F-87B31BA33886}.Release|ARM64.Build.0 = Release|Any CPU
		{C2ADAD6B-F26F-4E14-A60F-87B31BA33886}.Release|x64.ActiveCfg = Release|Any CPU
		{C2ADAD6B-F26F-4E14-A60F-87B31BA33886}.Release|x64.Build.0 = Release|Any CPU
		{23D62AFB-3AE9-40D1-BE8A-AC71E2FF8D32}.Debug|Any CPU.ActiveCfg = Debug|Any CPU
		{23D62AFB-3AE9-40D1-BE8A-AC71E2FF8D32}.Debug|Any CPU.Build.0 = Debug|Any CPU
		{23D62AFB-3AE9-40D1-BE8A-AC71E2FF8D32}.Debug|ARM64.ActiveCfg = Debug|Any CPU
		{23D62AFB-3AE9-40D1-BE8A-AC71E2FF8D32}.Debug|ARM64.Build.0 = Debug|Any CPU
		{23D62AFB-3AE9-40D1-BE8A-AC71E2FF8D32}.Debug|x64.ActiveCfg = Debug|Any CPU
		{23D62AFB-3AE9-40D1-BE8A-AC71E2FF8D32}.Debug|x64.Build.0 = Debug|Any CPU
		{23D62AFB-3AE9-40D1-BE8A-AC71E2FF8D32}.Release|Any CPU.ActiveCfg = Release|Any CPU
		{23D62AFB-3AE9-40D1-BE8A-AC71E2FF8D32}.Release|Any CPU.Build.0 = Release|Any CPU
		{23D62AFB-3AE9-40D1-BE8A-AC71E2FF8D32}.Release|ARM64.ActiveCfg = Release|Any CPU
		{23D62AFB-3AE9-40D1-BE8A-AC71E2FF8D32}.Release|ARM64.Build.0 = Release|Any CPU
		{23D62AFB-3AE9-40D1-BE8A-AC71E2FF8D32}.Release|x64.ActiveCfg = Release|Any CPU
		{23D62AFB-3AE9-40D1-BE8A-AC71E2FF8D32}.Release|x64.Build.0 = Release|Any CPU
		{9B83AD97-814A-4829-A307-BD677608B0C3}.Debug|Any CPU.ActiveCfg = Debug|Any CPU
		{9B83AD97-814A-4829-A307-BD677608B0C3}.Debug|Any CPU.Build.0 = Debug|Any CPU
		{9B83AD97-814A-4829-A307-BD677608B0C3}.Debug|ARM64.ActiveCfg = Debug|Any CPU
		{9B83AD97-814A-4829-A307-BD677608B0C3}.Debug|x64.ActiveCfg = Debug|x64
		{9B83AD97-814A-4829-A307-BD677608B0C3}.Debug|x64.Build.0 = Debug|x64
		{9B83AD97-814A-4829-A307-BD677608B0C3}.Release|Any CPU.ActiveCfg = Release|Any CPU
		{9B83AD97-814A-4829-A307-BD677608B0C3}.Release|Any CPU.Build.0 = Release|Any CPU
		{9B83AD97-814A-4829-A307-BD677608B0C3}.Release|ARM64.ActiveCfg = Release|Any CPU
		{9B83AD97-814A-4829-A307-BD677608B0C3}.Release|x64.ActiveCfg = Release|x64
		{9B83AD97-814A-4829-A307-BD677608B0C3}.Release|x64.Build.0 = Release|x64
		{F0CBB14A-0748-41D0-BF1E-F0F093CFDC9E}.Debug|Any CPU.ActiveCfg = Debug|Any CPU
		{F0CBB14A-0748-41D0-BF1E-F0F093CFDC9E}.Debug|Any CPU.Build.0 = Debug|Any CPU
		{F0CBB14A-0748-41D0-BF1E-F0F093CFDC9E}.Debug|ARM64.ActiveCfg = Debug|Any CPU
		{F0CBB14A-0748-41D0-BF1E-F0F093CFDC9E}.Debug|ARM64.Build.0 = Debug|Any CPU
		{F0CBB14A-0748-41D0-BF1E-F0F093CFDC9E}.Debug|x64.ActiveCfg = Debug|Any CPU
		{F0CBB14A-0748-41D0-BF1E-F0F093CFDC9E}.Debug|x64.Build.0 = Debug|Any CPU
		{F0CBB14A-0748-41D0-BF1E-F0F093CFDC9E}.Release|Any CPU.ActiveCfg = Release|Any CPU
		{F0CBB14A-0748-41D0-BF1E-F0F093CFDC9E}.Release|Any CPU.Build.0 = Release|Any CPU
		{F0CBB14A-0748-41D0-BF1E-F0F093CFDC9E}.Release|ARM64.ActiveCfg = Release|Any CPU
		{F0CBB14A-0748-41D0-BF1E-F0F093CFDC9E}.Release|ARM64.Build.0 = Release|Any CPU
		{F0CBB14A-0748-41D0-BF1E-F0F093CFDC9E}.Release|x64.ActiveCfg = Release|Any CPU
		{F0CBB14A-0748-41D0-BF1E-F0F093CFDC9E}.Release|x64.Build.0 = Release|Any CPU
		{03630D20-92CB-43C9-A424-8DE887775156}.Debug|Any CPU.ActiveCfg = Debug|Any CPU
		{03630D20-92CB-43C9-A424-8DE887775156}.Debug|Any CPU.Build.0 = Debug|Any CPU
		{03630D20-92CB-43C9-A424-8DE887775156}.Debug|ARM64.ActiveCfg = Debug|Any CPU
		{03630D20-92CB-43C9-A424-8DE887775156}.Debug|ARM64.Build.0 = Debug|Any CPU
		{03630D20-92CB-43C9-A424-8DE887775156}.Debug|x64.ActiveCfg = Debug|Any CPU
		{03630D20-92CB-43C9-A424-8DE887775156}.Debug|x64.Build.0 = Debug|Any CPU
		{03630D20-92CB-43C9-A424-8DE887775156}.Release|Any CPU.ActiveCfg = Release|Any CPU
		{03630D20-92CB-43C9-A424-8DE887775156}.Release|Any CPU.Build.0 = Release|Any CPU
		{03630D20-92CB-43C9-A424-8DE887775156}.Release|ARM64.ActiveCfg = Release|Any CPU
		{03630D20-92CB-43C9-A424-8DE887775156}.Release|ARM64.Build.0 = Release|Any CPU
		{03630D20-92CB-43C9-A424-8DE887775156}.Release|x64.ActiveCfg = Release|Any CPU
		{03630D20-92CB-43C9-A424-8DE887775156}.Release|x64.Build.0 = Release|Any CPU
	EndGlobalSection
	GlobalSection(SolutionProperties) = preSolution
		HideSolutionNode = FALSE
	EndGlobalSection
	GlobalSection(ExtensibilityGlobals) = postSolution
		SolutionGuid = {63381FB1-03BD-4863-A7DF-396236E82AFD}
	EndGlobalSection
EndGlobal
